
Microsoft Visual Studio Solution File, Format Version 12.00
# Visual Studio Version 17
VisualStudioVersion = 17.0.32014.148
MinimumVisualStudioVersion = 10.0.40219.1
Project("{2150E333-8FDC-42A3-9474-1A3956D46DE8}") = "Frontend", "Frontend", "{5E184B76-7CE4-4A12-8085-8F84E032B8DF}"
EndProject
Project("{2150E333-8FDC-42A3-9474-1A3956D46DE8}") = "Services", "Services", "{468D3C87-E747-4C4F-8D64-BD3F2130F20A}"
EndProject
Project("{9A19103F-16F7-4668-BE54-9A1E7A4F7556}") = "Mango.Web", "Mango.Web\Mango.Web.csproj", "{F5F12B17-3959-4AB1-8B2A-95B0F9186909}"
EndProject
Project("{9A19103F-16F7-4668-BE54-9A1E7A4F7556}") = "Mango.Services.ProductAPI", "Mango.Services.ProductAPI\Mango.Services.ProductAPI.csproj", "{8DFCC5A5-833E-4037-A1C8-60821B1CE339}"
EndProject
Project("{9A19103F-16F7-4668-BE54-9A1E7A4F7556}") = "Mango.Services.Identity", "Mango.Services.Identity\Mango.Services.Identity.csproj", "{89D2634E-2EA5-4FC6-9935-91896B7599A6}"
EndProject
Project("{9A19103F-16F7-4668-BE54-9A1E7A4F7556}") = "Mango.Services.ShoppingCartAPI", "Mango.Services.ShoppingCartAPI\Mango.Services.ShoppingCartAPI.csproj", "{71B52C74-B573-475E-A447-4D16AA8F5EC2}"
EndProject
Project("{9A19103F-16F7-4668-BE54-9A1E7A4F7556}") = "Mango.Service.CouponAPI", "Mango.Service.CouponAPI\Mango.Service.CouponAPI.csproj", "{9E379B3F-929F-46C5-84DC-5F3532D4B034}"
EndProject
Project("{2150E333-8FDC-42A3-9474-1A3956D46DE8}") = "Integration", "Integration", "{7901ED27-28E5-460C-9CD9-F3235AE44550}"
EndProject
Project("{9A19103F-16F7-4668-BE54-9A1E7A4F7556}") = "Mango.MessageBus", "Mango.MessageBus\Mango.MessageBus.csproj", "{8180E602-ACF7-4334-9E49-DB3FBE895F8B}"
EndProject
Project("{9A19103F-16F7-4668-BE54-9A1E7A4F7556}") = "Mango.Services.OrdersAPI", "Mango.Services.OrdersAPI\Mango.Services.OrdersAPI.csproj", "{D6A0143C-4BE6-4EF8-91CB-20072C3376A4}"
EndProject
Project("{2150E333-8FDC-42A3-9474-1A3956D46DE8}") = "Payments", "Payments", "{663E14C2-5E2A-4F4C-8C84-D0C08A02ED73}"
EndProject
Project("{FAE04EC0-301F-11D3-BF4B-00C04F79EFBC}") = "PaymentProcessor", "PaymentProcessor\PaymentProcessor.csproj", "{10256AD6-A4FE-4C04-97EA-71D0210B2B1F}"
EndProject
Project("{FAE04EC0-301F-11D3-BF4B-00C04F79EFBC}") = "Mango.Services.PaymentAPI", "Mango.Services.PaymentAPI\Mango.Services.PaymentAPI.csproj", "{52992A29-C9D1-4D2C-841A-3D7855F45386}"
EndProject
Project("{FAE04EC0-301F-11D3-BF4B-00C04F79EFBC}") = "Mango.Services.Email", "Mango.Services.Email\Mango.Services.Email.csproj", "{52FA414B-2F1B-4766-BB17-BE4652B3DDD7}"
EndProject
Project("{2150E333-8FDC-42A3-9474-1A3956D46DE8}") = "Gateway", "Gateway", "{7710B8A7-C8E1-4942-9376-1733DFE36576}"
EndProject
Project("{FAE04EC0-301F-11D3-BF4B-00C04F79EFBC}") = "Mango.Gateway", "Mango.Gateway\Mango.Gateway.csproj", "{8804E9A5-BD4D-47C4-812B-7745BFC94442}"
EndProject
Global
	GlobalSection(SolutionConfigurationPlatforms) = preSolution
		Debug|Any CPU = Debug|Any CPU
		Release|Any CPU = Release|Any CPU
	EndGlobalSection
	GlobalSection(ProjectConfigurationPlatforms) = postSolution
		{F5F12B17-3959-4AB1-8B2A-95B0F9186909}.Debug|Any CPU.ActiveCfg = Debug|Any CPU
		{F5F12B17-3959-4AB1-8B2A-95B0F9186909}.Debug|Any CPU.Build.0 = Debug|Any CPU
		{F5F12B17-3959-4AB1-8B2A-95B0F9186909}.Release|Any CPU.ActiveCfg = Release|Any CPU
		{F5F12B17-3959-4AB1-8B2A-95B0F9186909}.Release|Any CPU.Build.0 = Release|Any CPU
		{8DFCC5A5-833E-4037-A1C8-60821B1CE339}.Debug|Any CPU.ActiveCfg = Debug|Any CPU
		{8DFCC5A5-833E-4037-A1C8-60821B1CE339}.Debug|Any CPU.Build.0 = Debug|Any CPU
		{8DFCC5A5-833E-4037-A1C8-60821B1CE339}.Release|Any CPU.ActiveCfg = Release|Any CPU
		{8DFCC5A5-833E-4037-A1C8-60821B1CE339}.Release|Any CPU.Build.0 = Release|Any CPU
		{89D2634E-2EA5-4FC6-9935-91896B7599A6}.Debug|Any CPU.ActiveCfg = Debug|Any CPU
		{89D2634E-2EA5-4FC6-9935-91896B7599A6}.Debug|Any CPU.Build.0 = Debug|Any CPU
		{89D2634E-2EA5-4FC6-9935-91896B7599A6}.Release|Any CPU.ActiveCfg = Release|Any CPU
		{89D2634E-2EA5-4FC6-9935-91896B7599A6}.Release|Any CPU.Build.0 = Release|Any CPU
		{71B52C74-B573-475E-A447-4D16AA8F5EC2}.Debug|Any CPU.ActiveCfg = Debug|Any CPU
		{71B52C74-B573-475E-A447-4D16AA8F5EC2}.Debug|Any CPU.Build.0 = Debug|Any CPU
		{71B52C74-B573-475E-A447-4D16AA8F5EC2}.Release|Any CPU.ActiveCfg = Release|Any CPU
		{71B52C74-B573-475E-A447-4D16AA8F5EC2}.Release|Any CPU.Build.0 = Release|Any CPU
		{9E379B3F-929F-46C5-84DC-5F3532D4B034}.Debug|Any CPU.ActiveCfg = Debug|Any CPU
		{9E379B3F-929F-46C5-84DC-5F3532D4B034}.Debug|Any CPU.Build.0 = Debug|Any CPU
		{9E379B3F-929F-46C5-84DC-5F3532D4B034}.Release|Any CPU.ActiveCfg = Release|Any CPU
		{9E379B3F-929F-46C5-84DC-5F3532D4B034}.Release|Any CPU.Build.0 = Release|Any CPU
		{8180E602-ACF7-4334-9E49-DB3FBE895F8B}.Debug|Any CPU.ActiveCfg = Debug|Any CPU
		{8180E602-ACF7-4334-9E49-DB3FBE895F8B}.Debug|Any CPU.Build.0 = Debug|Any CPU
		{8180E602-ACF7-4334-9E49-DB3FBE895F8B}.Release|Any CPU.ActiveCfg = Release|Any CPU
		{8180E602-ACF7-4334-9E49-DB3FBE895F8B}.Release|Any CPU.Build.0 = Release|Any CPU
		{D6A0143C-4BE6-4EF8-91CB-20072C3376A4}.Debug|Any CPU.ActiveCfg = Debug|Any CPU
		{D6A0143C-4BE6-4EF8-91CB-20072C3376A4}.Debug|Any CPU.Build.0 = Debug|Any CPU
		{D6A0143C-4BE6-4EF8-91CB-20072C3376A4}.Release|Any CPU.ActiveCfg = Release|Any CPU
		{D6A0143C-4BE6-4EF8-91CB-20072C3376A4}.Release|Any CPU.Build.0 = Release|Any CPU
		{10256AD6-A4FE-4C04-97EA-71D0210B2B1F}.Debug|Any CPU.ActiveCfg = Debug|Any CPU
		{10256AD6-A4FE-4C04-97EA-71D0210B2B1F}.Debug|Any CPU.Build.0 = Debug|Any CPU
		{10256AD6-A4FE-4C04-97EA-71D0210B2B1F}.Release|Any CPU.ActiveCfg = Release|Any CPU
		{10256AD6-A4FE-4C04-97EA-71D0210B2B1F}.Release|Any CPU.Build.0 = Release|Any CPU
		{52992A29-C9D1-4D2C-841A-3D7855F45386}.Debug|Any CPU.ActiveCfg = Debug|Any CPU
		{52992A29-C9D1-4D2C-841A-3D7855F45386}.Debug|Any CPU.Build.0 = Debug|Any CPU
		{52992A29-C9D1-4D2C-841A-3D7855F45386}.Release|Any CPU.ActiveCfg = Release|Any CPU
		{52992A29-C9D1-4D2C-841A-3D7855F45386}.Release|Any CPU.Build.0 = Release|Any CPU
		{52FA414B-2F1B-4766-BB17-BE4652B3DDD7}.Debug|Any CPU.ActiveCfg = Debug|Any CPU
		{52FA414B-2F1B-4766-BB17-BE4652B3DDD7}.Debug|Any CPU.Build.0 = Debug|Any CPU
		{52FA414B-2F1B-4766-BB17-BE4652B3DDD7}.Release|Any CPU.ActiveCfg = Release|Any CPU
		{52FA414B-2F1B-4766-BB17-BE4652B3DDD7}.Release|Any CPU.Build.0 = Release|Any CPU
		{8804E9A5-BD4D-47C4-812B-7745BFC94442}.Debug|Any CPU.ActiveCfg = Debug|Any CPU
		{8804E9A5-BD4D-47C4-812B-7745BFC94442}.Debug|Any CPU.Build.0 = Debug|Any CPU
		{8804E9A5-BD4D-47C4-812B-7745BFC94442}.Release|Any CPU.ActiveCfg = Release|Any CPU
		{8804E9A5-BD4D-47C4-812B-7745BFC94442}.Release|Any CPU.Build.0 = Release|Any CPU
	EndGlobalSection
	GlobalSection(SolutionProperties) = preSolution
		HideSolutionNode = FALSE
	EndGlobalSection
	GlobalSection(NestedProjects) = preSolution
		{F5F12B17-3959-4AB1-8B2A-95B0F9186909} = {5E184B76-7CE4-4A12-8085-8F84E032B8DF}
		{8DFCC5A5-833E-4037-A1C8-60821B1CE339} = {468D3C87-E747-4C4F-8D64-BD3F2130F20A}
		{89D2634E-2EA5-4FC6-9935-91896B7599A6} = {468D3C87-E747-4C4F-8D64-BD3F2130F20A}
		{71B52C74-B573-475E-A447-4D16AA8F5EC2} = {468D3C87-E747-4C4F-8D64-BD3F2130F20A}
		{9E379B3F-929F-46C5-84DC-5F3532D4B034} = {468D3C87-E747-4C4F-8D64-BD3F2130F20A}
		{8180E602-ACF7-4334-9E49-DB3FBE895F8B} = {7901ED27-28E5-460C-9CD9-F3235AE44550}
		{D6A0143C-4BE6-4EF8-91CB-20072C3376A4} = {468D3C87-E747-4C4F-8D64-BD3F2130F20A}
		{10256AD6-A4FE-4C04-97EA-71D0210B2B1F} = {663E14C2-5E2A-4F4C-8C84-D0C08A02ED73}
		{52992A29-C9D1-4D2C-841A-3D7855F45386} = {468D3C87-E747-4C4F-8D64-BD3F2130F20A}
		{52FA414B-2F1B-4766-BB17-BE4652B3DDD7} = {468D3C87-E747-4C4F-8D64-BD3F2130F20A}
		{8804E9A5-BD4D-47C4-812B-7745BFC94442} = {7710B8A7-C8E1-4942-9376-1733DFE36576}
	EndGlobalSection
	GlobalSection(ExtensibilityGlobals) = postSolution
		SolutionGuid = {E3A94F94-304F-4284-BFB4-57763815620F}
	EndGlobalSection
EndGlobal
